# THIS IS AN AUTOGENERATED FILE. DO NOT EDIT THIS FILE DIRECTLY.
# yarn lockfile v1


"@cycle/isolate@^5.0.0":
  version "5.0.0"
  resolved "https://registry.yarnpkg.com/@cycle/isolate/-/isolate-5.0.0.tgz#ccbb43bae2254bb76c7c436285b4a455056b8e50"
  integrity sha512-9MS+Z7AjRzYljOc+AqSQUQBmQw0473rqv6op0dyhumILydcGirTmR6hrilJ/IYcYjeDEYaVfftYuIu15kU/Qcg==
  dependencies:
    "@cycle/run" "^5.2.0"
    xstream "^11.7.0"

"@cycle/run@^5.2.0":
  version "5.2.0"
  resolved "https://registry.yarnpkg.com/@cycle/run/-/run-5.2.0.tgz#08924714d9ae7fa9260d59c1f995095596a884bc"
  integrity sha512-FTXtJ13I8MkBo7BGBH6S41/vt/Z/s23ZjyhmyTrFGCFxBH5rtIJGcuVPwbSVRlpjFq7G2Vjxd585u+0kANhNvA==
  dependencies:
    quicktask "1.1.0"
    xstream "10.x || 11.x"

"@cycle/state@^1.2.0":
  version "1.2.0"
  resolved "https://registry.yarnpkg.com/@cycle/state/-/state-1.2.0.tgz#6040973d29d8042588bce1b108480d7c484b1965"
  integrity sha512-G9Htl8zEuxd3GhYLm0zwARq1CSOeyaL2VN1SCmMUF6wUvrv17xQGfiYOcfOQ9aFeOwJnc+G9p6Dya2uRNNRhog==
  dependencies:
    "@cycle/isolate" "^5.0.0"
    "@cycle/run" "^5.2.0"
    quicktask "1.1.0"
    xstream ">=11"

quicktask@1.1.0:
  version "1.1.0"
  resolved "https://registry.yarnpkg.com/quicktask/-/quicktask-1.1.0.tgz#70795fd5922fb122100e662118c73a06aadd7352"
  integrity sha512-b3w19IEXnt5auacLAbePVsqPyVQUwmuhJQrrWnVhm4pP8PAMg2U9vFHbAD9XYXXbMDjdLJs0x5NLqwTV8uFK4g==

symbol-observable@1.2.0:
  version "1.2.0"
  resolved "https://registry.yarnpkg.com/symbol-observable/-/symbol-observable-1.2.0.tgz#c22688aed4eab3cdc2dfeacbb561660560a00804"
  integrity sha512-e900nM8RRtGhlV36KGEU9k65K3mPb1WV70OdjfxlG2EAuM1noi/E/BaW/uMhL7bPEssK8QV57vN3esixjUvcXQ==

"xstream@10.x || 11.x", xstream@>=11, xstream@^11.10.0, xstream@^11.7.0:
  version "11.10.0"
  resolved "https://registry.yarnpkg.com/xstream/-/xstream-11.10.0.tgz#55a2769672711220fda61678080c130a6401be3d"
  integrity sha512-jzFCiRqGtrJi2S1/RPxVFgJwWVBzy4suMPBXlhOi0BJC7VvsXgo2yOHWnOasnj24n2Dlj2Mgfl6fJXPOYmpHFA==
  dependencies:
    symbol-observable "1.2.0"
